# This file is automatically @generated by Cargo.
# It is not intended for manual editing.
version = 3

[[package]]
name = "blake2"
version = "0.9.2"
dependencies = [
 "crypto-mac",
 "digest",
 "hex-literal",
 "opaque-debug",
]

[[package]]
name = "blobby"
version = "0.1.2"
source = "registry+https://github.com/rust-lang/crates.io-index"
checksum = "6fe5f8c2940b65859ece4b3b2ba02d2b12c87cab455fd42dee2556a187bb2cf6"
dependencies = [
 "byteorder",
]

[[package]]
name = "block-buffer"
version = "0.9.0"
source = "registry+https://github.com/rust-lang/crates.io-index"
checksum = "4152116fd6e9dadb291ae18fc1ec3575ed6d84c29642d97890f4b4a3417297e4"
dependencies = [
 "block-padding",
 "generic-array",
]

[[package]]
name = "block-padding"
version = "0.2.1"
source = "registry+https://github.com/rust-lang/crates.io-index"
checksum = "8d696c370c750c948ada61c69a0ee2cbbb9c50b1019ddb86d9317157a99c2cae"

[[package]]
name = "byteorder"
version = "1.4.3"
source = "registry+https://github.com/rust-lang/crates.io-index"
checksum = "14c189c53d098945499cdfa7ecc63567cf3886b3332b312a5b4585d8d3a6a610"

[[package]]
name = "cc"
version = "1.0.69"
source = "registry+https://github.com/rust-lang/crates.io-index"
checksum = "e70cc2f62c6ce1868963827bd677764c62d07c3d9a3e1fb1177ee1a9ab199eb2"

[[package]]
name = "cfg-if"
version = "1.0.0"
source = "registry+https://github.com/rust-lang/crates.io-index"
checksum = "baf1de4339761588bc0619e3cbc0120ee582ebb74b53b4efbf79117bd2da40fd"

[[package]]
name = "cpufeatures"
version = "0.2.1"
source = "registry+https://github.com/rust-lang/crates.io-index"
checksum = "95059428f66df56b63431fdb4e1947ed2190586af5c5a8a8b71122bdf5a7f469"
dependencies = [
 "libc",
]

[[package]]
name = "crypto-mac"
version = "0.8.0"
source = "registry+https://github.com/rust-lang/crates.io-index"
checksum = "b584a330336237c1eecd3e94266efb216c56ed91225d634cb2991c5f3fd1aeab"
dependencies = [
 "blobby",
 "generic-array",
 "subtle",
]

[[package]]
name = "digest"
version = "0.9.0"
source = "registry+https://github.com/rust-lang/crates.io-index"
checksum = "d3dd60d1080a57a05ab032377049e0591415d2b31afd7028356dbf3cc6dcb066"
dependencies = [
 "blobby",
 "generic-array",
]

[[package]]
name = "fsb"
version = "0.0.2"
dependencies = [
 "block-buffer",
 "digest",
 "hex-literal",
 "opaque-debug",
 "whirlpool",
]

[[package]]
name = "generic-array"
version = "0.14.4"
source = "registry+https://github.com/rust-lang/crates.io-index"
checksum = "501466ecc8a30d1d3b7fc9229b122b2ce8ed6e9d9223f1138d4babb253e51817"
dependencies = [
 "typenum",
 "version_check",
]

[[package]]
name = "gost94"
version = "0.9.1"
dependencies = [
 "block-buffer",
 "digest",
 "hex-literal",
 "opaque-debug",
]

[[package]]
name = "groestl"
version = "0.9.0"
dependencies = [
 "block-buffer",
 "digest",
 "hex-literal",
 "opaque-debug",
]

[[package]]
name = "hex-literal"
version = "0.2.1"
source = "registry+https://github.com/rust-lang/crates.io-index"
checksum = "961de220ec9a91af2e1e5bd80d02109155695e516771762381ef8581317066e0"
dependencies = [
 "hex-literal-impl",
 "proc-macro-hack",
]

[[package]]
name = "hex-literal-impl"
version = "0.2.2"
source = "registry+https://github.com/rust-lang/crates.io-index"
checksum = "853f769599eb31de176303197b7ba4973299c38c7a7604a6bc88c3eef05b9b46"
dependencies = [
 "proc-macro-hack",
]

[[package]]
name = "k12"
version = "0.1.0"
dependencies = [
 "digest",
 "hex-literal",
]

[[package]]
name = "keccak"
version = "0.1.0"
source = "registry+https://github.com/rust-lang/crates.io-index"
checksum = "67c21572b4949434e4fc1e1978b99c5f77064153c59d998bf13ecd96fb5ecba7"

[[package]]
name = "libc"
version = "0.2.101"
source = "registry+https://github.com/rust-lang/crates.io-index"
checksum = "3cb00336871be5ed2c8ed44b60ae9959dc5b9f08539422ed43f09e34ecaeba21"

[[package]]
name = "md-5"
version = "0.9.1"
dependencies = [
 "block-buffer",
 "digest",
 "hex-literal",
 "md5-asm",
 "opaque-debug",
]

[[package]]
name = "md2"
version = "0.9.0"
dependencies = [
 "block-buffer",
 "digest",
 "hex-literal",
 "opaque-debug",
]

[[package]]
name = "md4"
version = "0.9.0"
dependencies = [
 "block-buffer",
 "digest",
 "hex-literal",
 "opaque-debug",
]

[[package]]
name = "md5-asm"
version = "0.4.3"
source = "registry+https://github.com/rust-lang/crates.io-index"
checksum = "3b47e5a1261ecd6ba951d1ad392534743310e513ef1e2609023368798829f33e"
dependencies = [
 "cc",
]

[[package]]
name = "opaque-debug"
version = "0.3.0"
source = "registry+https://github.com/rust-lang/crates.io-index"
checksum = "624a8340c38c1b80fd549087862da4ba43e08858af025b236e509b6649fc13d5"

[[package]]
name = "proc-macro-hack"
version = "0.5.19"
source = "registry+https://github.com/rust-lang/crates.io-index"
checksum = "dbf0c48bc1d91375ae5c3cd81e3722dff1abcf81a30960240640d223f59fe0e5"

[[package]]
name = "ripemd160"
version = "0.9.1"
dependencies = [
 "block-buffer",
 "digest",
 "hex-literal",
 "opaque-debug",
]

[[package]]
name = "ripemd256"
version = "0.1.0"
dependencies = [
 "block-buffer",
 "digest",
 "hex-literal",
 "opaque-debug",
]

[[package]]
name = "ripemd320"
version = "0.9.0"
dependencies = [
 "block-buffer",
 "digest",
 "hex-literal",
 "opaque-debug",
]

[[package]]
name = "sha-1"
version = "0.9.8"
dependencies = [
 "block-buffer",
 "cfg-if",
 "cpufeatures",
 "digest",
 "hex-literal",
 "opaque-debug",
 "sha1-asm",
]

[[package]]
name = "sha1-asm"
version = "0.5.1"
source = "registry+https://github.com/rust-lang/crates.io-index"
checksum = "563d4f7100bc3fce234e5f37bbf63dc2752558964505ba6ac3f7204bdc59eaac"
dependencies = [
 "cc",
]

[[package]]
name = "sha2"
version = "0.9.8"
dependencies = [
 "block-buffer",
 "cfg-if",
 "cpufeatures",
 "digest",
 "hex-literal",
 "opaque-debug",
 "sha2-asm",
]

[[package]]
name = "sha2-asm"
version = "0.6.2"
source = "registry+https://github.com/rust-lang/crates.io-index"
checksum = "bf27176fb5d15398e3a479c652c20459d9dac830dedd1fa55b42a77dbcdbfcea"
dependencies = [
 "cc",
]

[[package]]
name = "sha3"
version = "0.9.1"
dependencies = [
 "block-buffer",
 "digest",
 "hex-literal",
 "keccak",
 "opaque-debug",
]

[[package]]
name = "shabal"
version = "0.3.0"
dependencies = [
 "block-buffer",
 "digest",
 "hex-literal",
 "opaque-debug",
]

[[package]]
name = "sm3"
version = "0.3.0"
dependencies = [
 "block-buffer",
 "digest",
 "hex-literal",
 "opaque-debug",
]

[[package]]
name = "streebog"
version = "0.9.2"
dependencies = [
 "block-buffer",
 "digest",
 "hex-literal",
 "opaque-debug",
]

[[package]]
name = "subtle"
version = "2.4.1"
source = "registry+https://github.com/rust-lang/crates.io-index"
checksum = "6bdef32e8150c2a081110b42772ffe7d7c9032b606bc226c8260fd97e0976601"

[[package]]
name = "tiger"
version = "0.1.0"
dependencies = [
 "block-buffer",
 "byteorder",
 "digest",
 "hex-literal",
]

[[package]]
name = "typenum"
version = "1.13.0"
source = "registry+https://github.com/rust-lang/crates.io-index"
checksum = "879f6906492a7cd215bfa4cf595b600146ccfac0c79bcbd1f3000162af5e8b06"

[[package]]
name = "version_check"
version = "0.9.3"
source = "registry+https://github.com/rust-lang/crates.io-index"
checksum = "5fecdca9a5291cc2b8dcf7dc02453fee791a280f3743cb0905f8822ae463b3fe"

[[package]]
name = "whirlpool"
version = "0.9.0"
dependencies = [
 "block-buffer",
 "digest",
 "hex-literal",
 "opaque-debug",
 "whirlpool-asm",
]

[[package]]
name = "whirlpool-asm"
version = "0.5.2"
source = "registry+https://github.com/rust-lang/crates.io-index"
checksum = "cbb23be8b0dec6fafef14563c42ec98bbfc33f2a97ed5bc99cd8b50ea5c68097"
dependencies = [
 "cc",
]
