# This file is automatically @generated by Cargo.
# It is not intended for manual editing.
version = 4

[[package]]
name = "ascon"
version = "0.5.0-rc.0"
source = "registry+https://github.com/rust-lang/crates.io-index"
checksum = "953707d565de11d13f8cf7d880e9a46c9c403693cb7d79dcfa49feaac2d2020f"
dependencies = [
 "zeroize",
]

[[package]]
name = "ascon-hash"
version = "0.3.0-pre"
dependencies = [
 "ascon",
 "base16ct",
 "digest",
 "hex",
 "hex-literal",
 "spectral",
]

[[package]]
name = "base16ct"
version = "0.3.0"
source = "registry+https://github.com/rust-lang/crates.io-index"
checksum = "d8b59d472eab27ade8d770dcb11da7201c11234bef9f82ce7aa517be028d462b"

[[package]]
name = "belt-block"
version = "0.1.2"
source = "registry+https://github.com/rust-lang/crates.io-index"
checksum = "d9aa1eef3994e2ccd304a78fe3fea4a73e5792007f85f09b79bb82143ca5f82b"

[[package]]
name = "belt-hash"
version = "0.2.0-rc.1"
dependencies = [
 "base16ct",
 "belt-block",
 "digest",
 "hex-literal",
]

[[package]]
name = "blake2"
version = "0.11.0-rc.2"
dependencies = [
 "base16ct",
 "digest",
 "hex-literal",
]

[[package]]
name = "blobby"
version = "0.4.0-pre.0"
source = "git+https://github.com/RustCrypto/utils#8fd37074861e2d8e400a53d68e10ce713944fa65"

[[package]]
name = "block-buffer"
version = "0.11.0-rc.5"
source = "registry+https://github.com/rust-lang/crates.io-index"
checksum = "e9ef36a6fcdb072aa548f3da057640ec10859eb4e91ddf526ee648d50c76a949"
dependencies = [
 "hybrid-array",
 "zeroize",
]

[[package]]
name = "cfg-if"
version = "1.0.3"
source = "registry+https://github.com/rust-lang/crates.io-index"
checksum = "2fd1289c04a9ea8cb22300a459a72a385d7c73d3259e2ed7dcb2af674838cfa9"

[[package]]
name = "const-oid"
version = "0.10.1"
source = "registry+https://github.com/rust-lang/crates.io-index"
checksum = "0dabb6555f92fb9ee4140454eb5dcd14c7960e1225c6d1a6cc361f032947713e"

[[package]]
name = "cpufeatures"
version = "0.2.17"
source = "registry+https://github.com/rust-lang/crates.io-index"
checksum = "59ed5838eebb26a2bb2e58f6d5b5316989ae9d08bab10e0e6d103e656d1b0280"
dependencies = [
 "libc",
]

[[package]]
name = "crypto-common"
version = "0.2.0-rc.4"
source = "registry+https://github.com/rust-lang/crates.io-index"
checksum = "6a8235645834fbc6832939736ce2f2d08192652269e11010a6240f61b908a1c6"
dependencies = [
 "hybrid-array",
]

[[package]]
name = "digest"
version = "0.11.0-rc.2"
source = "registry+https://github.com/rust-lang/crates.io-index"
checksum = "6749b668519cd7149ee3d11286a442a8a8bdc3a9d529605f579777bfccc5a4bc"
dependencies = [
 "blobby",
 "block-buffer",
 "const-oid",
 "crypto-common",
 "subtle",
 "zeroize",
]

[[package]]
name = "fsb"
version = "0.2.0-pre"
dependencies = [
 "base16ct",
 "digest",
 "hex-literal",
 "whirlpool",
]

[[package]]
name = "gost94"
version = "0.11.0-pre"
dependencies = [
 "base16ct",
 "digest",
 "hex-literal",
]

[[package]]
name = "groestl"
version = "0.11.0-pre"
dependencies = [
 "base16ct",
 "digest",
 "hex-literal",
]

[[package]]
name = "hex"
version = "0.4.3"
source = "registry+https://github.com/rust-lang/crates.io-index"
checksum = "7f24254aa9a54b5c858eaee2f5bccdb46aaf0e486a595ed5fd8f86ba55232a70"

[[package]]
name = "hex-literal"
version = "1.0.0"
source = "registry+https://github.com/rust-lang/crates.io-index"
checksum = "bcaaec4551594c969335c98c903c1397853d4198408ea609190f420500f6be71"

[[package]]
name = "hybrid-array"
version = "0.4.0"
source = "registry+https://github.com/rust-lang/crates.io-index"
checksum = "6fe39a812f039072707ce38020acbab2f769087952eddd9e2b890f37654b2349"
dependencies = [
 "typenum",
]

[[package]]
name = "jh"
version = "0.2.0-pre"
dependencies = [
 "base16ct",
 "digest",
 "hex-literal",
 "ppv-lite86",
]

[[package]]
name = "k12"
version = "0.4.0-pre"
dependencies = [
 "digest",
 "hex-literal",
 "sha3",
]

[[package]]
name = "keccak"
version = "0.2.0-rc.0"
source = "registry+https://github.com/rust-lang/crates.io-index"
checksum = "3d546793a04a1d3049bd192856f804cfe96356e2cf36b54b4e575155babe9f41"
dependencies = [
 "cpufeatures",
]

[[package]]
name = "kupyna"
version = "0.1.0"
dependencies = [
 "base16ct",
 "digest",
 "hex-literal",
]

[[package]]
name = "libc"
version = "0.2.175"
source = "registry+https://github.com/rust-lang/crates.io-index"
checksum = "6a82ae493e598baaea5209805c49bbf2ea7de956d50d7da0da1164f9c6d28543"

[[package]]
name = "md-5"
version = "0.11.0-rc.2"
dependencies = [
 "base16ct",
 "cfg-if",
 "digest",
 "hex-literal",
]

[[package]]
name = "md2"
version = "0.11.0-pre"
dependencies = [
 "base16ct",
 "digest",
 "hex-literal",
]

[[package]]
name = "md4"
version = "0.11.0-pre"
dependencies = [
 "base16ct",
 "digest",
 "hex-literal",
]

[[package]]
name = "ppv-lite86"
version = "0.2.21"
source = "registry+https://github.com/rust-lang/crates.io-index"
checksum = "85eae3c4ed2f50dcfe72643da4befc30deadb458a9b590d720cde2f2b1e97da9"
dependencies = [
 "zerocopy",
]

[[package]]
name = "proc-macro2"
version = "1.0.101"
source = "registry+https://github.com/rust-lang/crates.io-index"
checksum = "89ae43fd86e4158d6db51ad8e2b80f313af9cc74f5c0e03ccb87de09998732de"
dependencies = [
 "unicode-ident",
]

[[package]]
name = "quote"
version = "1.0.40"
source = "registry+https://github.com/rust-lang/crates.io-index"
checksum = "1885c039570dc00dcb4ff087a89e185fd56bae234ddc7f056a945bf36467248d"
dependencies = [
 "proc-macro2",
]

[[package]]
name = "ripemd"
version = "0.2.0-rc.1"
dependencies = [
 "base16ct",
 "digest",
 "hex-literal",
]

[[package]]
name = "sha1"
version = "0.11.0-rc.2"
dependencies = [
 "base16ct",
 "cfg-if",
 "cpufeatures",
 "digest",
 "hex-literal",
]

[[package]]
name = "sha1-checked"
version = "0.11.0-pre"
dependencies = [
 "base16ct",
 "digest",
 "hex-literal",
 "sha1",
 "zeroize",
]

[[package]]
name = "sha2"
version = "0.11.0-rc.2"
dependencies = [
 "base16ct",
 "cfg-if",
 "cpufeatures",
 "digest",
 "hex-literal",
]

[[package]]
name = "sha3"
version = "0.11.0-rc.3"
dependencies = [
 "base16ct",
 "digest",
 "hex-literal",
 "keccak",
]

[[package]]
name = "shabal"
version = "0.5.0-pre"
dependencies = [
 "base16ct",
 "digest",
 "hex-literal",
]

[[package]]
name = "skein"
version = "0.2.0-pre"
dependencies = [
 "base16ct",
 "digest",
 "hex-literal",
 "threefish",
]

[[package]]
name = "sm3"
version = "0.5.0-rc.1"
dependencies = [
 "base16ct",
 "digest",
 "hex-literal",
]

[[package]]
name = "spectral"
version = "0.6.0"
source = "registry+https://github.com/rust-lang/crates.io-index"
checksum = "ae3c15181f4b14e52eeaac3efaeec4d2764716ce9c86da0c934c3e318649c5ba"

[[package]]
name = "streebog"
version = "0.11.0-rc.2"
dependencies = [
 "base16ct",
 "digest",
 "hex-literal",
]

[[package]]
name = "subtle"
version = "2.6.1"
source = "registry+https://github.com/rust-lang/crates.io-index"
checksum = "13c2bddecc57b384dee18652358fb23172facb8a2c51ccc10d74c157bdea3292"

[[package]]
name = "syn"
version = "2.0.106"
source = "registry+https://github.com/rust-lang/crates.io-index"
checksum = "ede7c438028d4436d71104916910f5bb611972c5cfd7f89b8300a8186e6fada6"
dependencies = [
 "proc-macro2",
 "quote",
 "unicode-ident",
]

[[package]]
name = "threefish"
version = "0.5.2"
source = "registry+https://github.com/rust-lang/crates.io-index"
checksum = "a693d0c8cf16973fac5a93fbe47b8c6452e7097d4fcac49f3d7a18e39c76e62e"
dependencies = [
 "zeroize",
]

[[package]]
name = "tiger"
version = "0.3.0-pre"
dependencies = [
 "base16ct",
 "digest",
 "hex-literal",
]

[[package]]
name = "typenum"
version = "1.18.0"
source = "registry+https://github.com/rust-lang/crates.io-index"
checksum = "1dccffe3ce07af9386bfd29e80c0ab1a8205a2fc34e4bcd40364df902cfa8f3f"

[[package]]
name = "unicode-ident"
version = "1.0.18"
source = "registry+https://github.com/rust-lang/crates.io-index"
checksum = "5a5f39404a5da50712a4c1eecf25e90dd62b613502b7e925fd4e4d19b5c96512"

[[package]]
name = "whirlpool"
version = "0.11.0-rc.2"
dependencies = [
 "base16ct",
 "digest",
 "hex-literal",
]

[[package]]
name = "zerocopy"
version = "0.8.26"
source = "registry+https://github.com/rust-lang/crates.io-index"
checksum = "1039dd0d3c310cf05de012d8a39ff557cb0d23087fd44cad61df08fc31907a2f"
dependencies = [
 "zerocopy-derive",
]

[[package]]
name = "zerocopy-derive"
version = "0.8.26"
source = "registry+https://github.com/rust-lang/crates.io-index"
checksum = "9ecf5b4cc5364572d7f4c329661bcc82724222973f2cab6f050a4e5c22f75181"
dependencies = [
 "proc-macro2",
 "quote",
 "syn",
]

[[package]]
name = "zeroize"
version = "1.8.1"
source = "registry+https://github.com/rust-lang/crates.io-index"
checksum = "ced3678a2879b30306d323f4542626697a464a97c0a07c9aebf7ebca65cd4dde"
