# This file is automatically @generated by Cargo.
# It is not intended for manual editing.
version = 4

[[package]]
name = "blake2"
version = "0.10.6"
dependencies = [
 "digest",
 "hex-literal",
]

[[package]]
name = "blobby"
version = "0.3.1"
source = "registry+https://github.com/rust-lang/crates.io-index"
checksum = "847495c209977a90e8aad588b959d0ca9f5dc228096d29a6bd3defd53f35eaec"

[[package]]
name = "block-buffer"
version = "0.10.4"
source = "registry+https://github.com/rust-lang/crates.io-index"
checksum = "3078c7629b62d3f0439517fa394996acacc5cbc91c5a20d8c658e77abd503a71"
dependencies = [
 "generic-array",
]

[[package]]
name = "cc"
version = "1.2.66"
source = "registry+https://github.com/rust-lang/crates.io-index"
checksum = "f5d6cac793997bd970000024b2934968efe83b382de4fdcf4fcb46b6ee4ad996"
dependencies = [
 "find-msvc-tools",
 "shlex",
]

[[package]]
name = "cfg-if"
version = "1.0.4"
source = "registry+https://github.com/rust-lang/crates.io-index"
checksum = "9330f8b2ff13f34540b44e946ef35111825727b38d33286ef986142615121801"

[[package]]
name = "const-oid"
version = "0.9.6"
source = "registry+https://github.com/rust-lang/crates.io-index"
checksum = "c2459377285ad874054d797f3ccebf984978aa39129f6eafde5cdc8315b612f8"

[[package]]
name = "cpufeatures"
version = "0.2.17"
source = "registry+https://github.com/rust-lang/crates.io-index"
checksum = "59ed5838eebb26a2bb2e58f6d5b5316989ae9d08bab10e0e6d103e656d1b0280"
dependencies = [
 "libc",
]

[[package]]
name = "crypto-common"
version = "0.1.7"
source = "registry+https://github.com/rust-lang/crates.io-index"
checksum = "78c8292055d1c1df0cce5d180393dc8cce0abec0a7102adb6c7b1eef6016d60a"
dependencies = [
 "generic-array",
 "typenum",
]

[[package]]
name = "digest"
version = "0.10.7"
source = "registry+https://github.com/rust-lang/crates.io-index"
checksum = "9ed9a281f7bc9b7576e61468ba615a66a5c8cfdff42420a70aa82701a3b1e292"
dependencies = [
 "blobby",
 "block-buffer",
 "const-oid",
 "crypto-common",
 "subtle",
]

[[package]]
name = "find-msvc-tools"
version = "0.1.9"
source = "registry+https://github.com/rust-lang/crates.io-index"
checksum = "5baebc0774151f905a1a2cc41989300b1e6fbb29aff0ceffa1064fdd3088d582"

[[package]]
name = "fsb"
version = "0.1.3"
dependencies = [
 "digest",
 "hex-literal",
 "whirlpool",
]

[[package]]
name = "generic-array"
version = "0.14.7"
source = "registry+https://github.com/rust-lang/crates.io-index"
checksum = "85649ca51fd72272d7821adaf274ad91c288277713d9c18820d8499a7ff69e9a"
dependencies = [
 "typenum",
 "version_check",
]

[[package]]
name = "gost94"
version = "0.10.4"
dependencies = [
 "digest",
 "hex-literal",
]

[[package]]
name = "groestl"
version = "0.10.1"
dependencies = [
 "digest",
 "hex-literal",
]

[[package]]
name = "hex-literal"
version = "0.2.2"
source = "registry+https://github.com/rust-lang/crates.io-index"
checksum = "d70693199b3cf4552f3fa720b54163927a3ebed2aef240efaf556033ab336a11"
dependencies = [
 "hex-literal-impl",
 "proc-macro-hack",
]

[[package]]
name = "hex-literal-impl"
version = "0.2.3"
source = "registry+https://github.com/rust-lang/crates.io-index"
checksum = "59448fc2f82a5fb6907f78c3d69d843e82ff5b051923313cc4438cb0c7b745a8"
dependencies = [
 "proc-macro-hack",
]

[[package]]
name = "keccak"
version = "0.1.6"
source = "registry+https://github.com/rust-lang/crates.io-index"
checksum = "cb26cec98cce3a3d96cbb7bced3c4b16e3d13f27ec56dbd62cbc8f39cfb9d653"
dependencies = [
 "cpufeatures",
]

[[package]]
name = "libc"
version = "0.2.186"
source = "registry+https://github.com/rust-lang/crates.io-index"
checksum = "68ab91017fe16c622486840e4c83c9a37afeff978bd239b5293d61ece587de66"

[[package]]
name = "md-5"
version = "0.10.6"
dependencies = [
 "cfg-if",
 "digest",
 "hex-literal",
 "md5-asm",
]

[[package]]
name = "md2"
version = "0.10.2"
dependencies = [
 "digest",
 "hex-literal",
]

[[package]]
name = "md4"
version = "0.10.2"
dependencies = [
 "digest",
 "hex-literal",
]

[[package]]
name = "md5-asm"
version = "0.5.2"
source = "registry+https://github.com/rust-lang/crates.io-index"
checksum = "d19b8ee7fc7d812058d3b708c7f719efd0713d53854648e4223c6fcae709e2df"
dependencies = [
 "cc",
]

[[package]]
name = "proc-macro-hack"
version = "0.5.20+deprecated"
source = "registry+https://github.com/rust-lang/crates.io-index"
checksum = "dc375e1527247fe1a97d8b7156678dfe7c1af2fc075c9a4db3690ecd2a148068"

[[package]]
name = "ripemd"
version = "0.1.3"
dependencies = [
 "digest",
 "hex-literal",
]

[[package]]
name = "sha1"
version = "0.10.7"
dependencies = [
 "cfg-if",
 "cpufeatures",
 "digest",
 "hex-literal",
]

[[package]]
name = "sha2"
version = "0.10.9"
dependencies = [
 "cfg-if",
 "cpufeatures",
 "digest",
 "hex-literal",
 "sha2-asm",
]

[[package]]
name = "sha2-asm"
version = "0.6.4"
source = "registry+https://github.com/rust-lang/crates.io-index"
checksum = "b845214d6175804686b2bd482bcffe96651bb2d1200742b712003504a2dac1ab"
dependencies = [
 "cc",
]

[[package]]
name = "sha3"
version = "0.10.9"
dependencies = [
 "digest",
 "hex-literal",
 "keccak",
 "zeroize",
]

[[package]]
name = "shabal"
version = "0.4.1"
dependencies = [
 "digest",
 "hex-literal",
]

[[package]]
name = "shlex"
version = "2.0.1"
source = "registry+https://github.com/rust-lang/crates.io-index"
checksum = "f8fadd59c855ef2080decdef8ff161eb6661b86933c9d82e5ba29dc602a55aba"

[[package]]
name = "sm3"
version = "0.4.2"
dependencies = [
 "digest",
 "hex-literal",
]

[[package]]
name = "streebog"
version = "0.10.2"
dependencies = [
 "digest",
 "hex-literal",
]

[[package]]
name = "subtle"
version = "2.6.1"
source = "registry+https://github.com/rust-lang/crates.io-index"
checksum = "13c2bddecc57b384dee18652358fb23172facb8a2c51ccc10d74c157bdea3292"

[[package]]
name = "tiger"
version = "0.2.1"
dependencies = [
 "digest",
 "hex-literal",
]

[[package]]
name = "typenum"
version = "1.20.1"
source = "registry+https://github.com/rust-lang/crates.io-index"
checksum = "b6f5e870be6c3b371b77fe0ee0bafb859fa4964b4404c27de1d380043c4dda20"

[[package]]
name = "version_check"
version = "0.9.5"
source = "registry+https://github.com/rust-lang/crates.io-index"
checksum = "0b928f33d975fc6ad9f86c8f283853ad26bdd5b10b7f1542aa2fa15e2289105a"

[[package]]
name = "whirlpool"
version = "0.10.4"
dependencies = [
 "digest",
 "hex-literal",
 "whirlpool-asm",
]

[[package]]
name = "whirlpool-asm"
version = "0.6.2"
source = "registry+https://github.com/rust-lang/crates.io-index"
checksum = "6d47472442bfb3724cca74cbc2bde93cd7351ef81ff1f8784e6eb82755282b18"
dependencies = [
 "cc",
]

[[package]]
name = "zeroize"
version = "1.9.0"
source = "registry+https://github.com/rust-lang/crates.io-index"
checksum = "e13c156562582aa81c60cb29407084cdb54c4164760106ab78e6c5b0858cf64e"
